<Solution>
  <Project Path="TrainingPlanner.API/TrainingPlanner.API.csproj" />
  <Project Path="TrainingPlanner.Application/TrainingPlanner.Application.csproj" />
  <Project Path="TrainingPlanner.Domain/TrainingPlanner.Domain.csproj" />
  <Project Path="TrainingPlanner.Infrastructure/TrainingPlanner.Infrastructure.csproj" />
</Solution>
